// !$*UTF8*$!
{
	archiveVersion = 1;
	classes = {
	};
	objectVersion = 46;
	objects = {

/* Begin PBXBuildFile section */
		64310F5D1CEBB95E004D5BE7 /* Onboard.swift in Sources */ = {isa = PBXBuildFile; fileRef = 64310F5C1CEBB95E004D5BE7 /* Onboard.swift */; };
		64310F611CECD3AC004D5BE7 /* UIColorExt.swift in Sources */ = {isa = PBXBuildFile; fileRef = 64310F601CECD3AC004D5BE7 /* UIColorExt.swift */; };
		64310F631CECD9AB004D5BE7 /* UIViewExt.swift in Sources */ = {isa = PBXBuildFile; fileRef = 64310F621CECD9AB004D5BE7 /* UIViewExt.swift */; };
		64310F661CECDBCF004D5BE7 /* R.generated.swift in Sources */ = {isa = PBXBuildFile; fileRef = 64310F651CECDBCF004D5BE7 /* R.generated.swift */; };
		64310F681CECE70E004D5BE7 /* HairlineView.swift in Sources */ = {isa = PBXBuildFile; fileRef = 64310F671CECE70E004D5BE7 /* HairlineView.swift */; };
		64310F6B1CECEFC1004D5BE7 /* FontAwesome.otf in Resources */ = {isa = PBXBuildFile; fileRef = 64310F6A1CECEFC1004D5BE7 /* FontAwesome.otf */; };
		64310F6D1CED64BE004D5BE7 /* SigninEmailVC.swift in Sources */ = {isa = PBXBuildFile; fileRef = 64310F6C1CED64BE004D5BE7 /* SigninEmailVC.swift */; };
		647654521CF3BA2C00612DBC /* GoogleService-Info.plist in Resources */ = {isa = PBXBuildFile; fileRef = 647654511CF3BA2C00612DBC /* GoogleService-Info.plist */; };
		64D8BC311CE4D91200F8020A /* AppDelegate.swift in Sources */ = {isa = PBXBuildFile; fileRef = 64D8BC301CE4D91200F8020A /* AppDelegate.swift */; };
		64D8BC361CE4D91200F8020A /* Main.storyboard in Resources */ = {isa = PBXBuildFile; fileRef = 64D8BC341CE4D91200F8020A /* Main.storyboard */; };
		64D8BC391CE4D91200F8020A /* Baby_App.xcdatamodeld in Sources */ = {isa = PBXBuildFile; fileRef = 64D8BC371CE4D91200F8020A /* Baby_App.xcdatamodeld */; };
		64D8BC3B1CE4D91200F8020A /* Assets.xcassets in Resources */ = {isa = PBXBuildFile; fileRef = 64D8BC3A1CE4D91200F8020A /* Assets.xcassets */; };
		64D8BC3E1CE4D91200F8020A /* LaunchScreen.storyboard in Resources */ = {isa = PBXBuildFile; fileRef = 64D8BC3C1CE4D91200F8020A /* LaunchScreen.storyboard */; };
		64D8BC491CE4D91300F8020A /* Baby_AppTests.swift in Sources */ = {isa = PBXBuildFile; fileRef = 64D8BC481CE4D91300F8020A /* Baby_AppTests.swift */; };
		64D8BC541CE4D91300F8020A /* Baby_AppUITests.swift in Sources */ = {isa = PBXBuildFile; fileRef = 64D8BC531CE4D91300F8020A /* Baby_AppUITests.swift */; };
		D34BF2FDA29B9A16F7F9344A /* Pods_Baby_App.framework in Frameworks */ = {isa = PBXBuildFile; fileRef = 701A43CE581F2968FA2D4742 /* Pods_Baby_App.framework */; };
/* End PBXBuildFile section */

/* Begin PBXContainerItemProxy section */
		64D8BC451CE4D91300F8020A /* PBXContainerItemProxy */ = {
			isa = PBXContainerItemProxy;
			containerPortal = 64D8BC251CE4D91100F8020A /* Project object */;
			proxyType = 1;
			remoteGlobalIDString = 64D8BC2C1CE4D91100F8020A;
			remoteInfo = "Baby App";
		};
		64D8BC501CE4D91300F8020A /* PBXContainerItemProxy */ = {
			isa = PBXContainerItemProxy;
			containerPortal = 64D8BC251CE4D91100F8020A /* Project object */;
			proxyType = 1;
			remoteGlobalIDString = 64D8BC2C1CE4D91100F8020A;
			remoteInfo = "Baby App";
		};
/* End PBXContainerItemProxy section */

/* Begin PBXFileReference section */
		3661C51E0749A213639D55D1 /* Pods-Baby App.release.xcconfig */ = {isa = PBXFileReference; includeInIndex = 1; lastKnownFileType = text.xcconfig; name = "Pods-Baby App.release.xcconfig"; path = "Pods/Target Support Files/Pods-Baby App/Pods-Baby App.release.xcconfig"; sourceTree = "<group>"; };
		64310F5C1CEBB95E004D5BE7 /* Onboard.swift */ = {isa = PBXFileReference; fileEncoding = 4; lastKnownFileType = sourcecode.swift; path = Onboard.swift; sourceTree = "<group>"; };
		64310F601CECD3AC004D5BE7 /* UIColorExt.swift */ = {isa = PBXFileReference; fileEncoding = 4; lastKnownFileType = sourcecode.swift; path = UIColorExt.swift; sourceTree = "<group>"; };
		64310F621CECD9AB004D5BE7 /* UIViewExt.swift */ = {isa = PBXFileReference; fileEncoding = 4; lastKnownFileType = sourcecode.swift; path = UIViewExt.swift; sourceTree = "<group>"; };
		64310F651CECDBCF004D5BE7 /* R.generated.swift */ = {isa = PBXFileReference; fileEncoding = 4; lastKnownFileType = sourcecode.swift; path = R.generated.swift; sourceTree = SOURCE_ROOT; };
		64310F671CECE70E004D5BE7 /* HairlineView.swift */ = {isa = PBXFileReference; fileEncoding = 4; lastKnownFileType = sourcecode.swift; path = HairlineView.swift; sourceTree = "<group>"; };
		64310F6A1CECEFC1004D5BE7 /* FontAwesome.otf */ = {isa = PBXFileReference; lastKnownFileType = file; path = FontAwesome.otf; sourceTree = "<group>"; };
		64310F6C1CED64BE004D5BE7 /* SigninEmailVC.swift */ = {isa = PBXFileReference; fileEncoding = 4; lastKnownFileType = sourcecode.swift; path = SigninEmailVC.swift; sourceTree = "<group>"; };
		647654511CF3BA2C00612DBC /* GoogleService-Info.plist */ = {isa = PBXFileReference; fileEncoding = 4; lastKnownFileType = text.plist.xml; path = "GoogleService-Info.plist"; sourceTree = "<group>"; };
		64D8BC2D1CE4D91100F8020A /* Baby App.app */ = {isa = PBXFileReference; explicitFileType = wrapper.application; includeInIndex = 0; path = "Baby App.app"; sourceTree = BUILT_PRODUCTS_DIR; };
		64D8BC301CE4D91200F8020A /* AppDelegate.swift */ = {isa = PBXFileReference; lastKnownFileType = sourcecode.swift; path = AppDelegate.swift; sourceTree = "<group>"; };
		64D8BC351CE4D91200F8020A /* Base */ = {isa = PBXFileReference; lastKnownFileType = file.storyboard; name = Base; path = Base.lproj/Main.storyboard; sourceTree = "<group>"; };
		64D8BC381CE4D91200F8020A /* Baby_App.xcdatamodel */ = {isa = PBXFileReference; lastKnownFileType = wrapper.xcdatamodel; path = Baby_App.xcdatamodel; sourceTree = "<group>"; };
		64D8BC3A1CE4D91200F8020A /* Assets.xcassets */ = {isa = PBXFileReference; lastKnownFileType = folder.assetcatalog; path = Assets.xcassets; sourceTree = "<group>"; };
		64D8BC3D1CE4D91200F8020A /* Base */ = {isa = PBXFileReference; lastKnownFileType = file.storyboard; name = Base; path = Base.lproj/LaunchScreen.storyboard; sourceTree = "<group>"; };
		64D8BC3F1CE4D91300F8020A /* Info.plist */ = {isa = PBXFileReference; lastKnownFileType = text.plist.xml; path = Info.plist; sourceTree = "<group>"; };
		64D8BC441CE4D91300F8020A /* Baby AppTests.xctest */ = {isa = PBXFileReference; explicitFileType = wrapper.cfbundle; includeInIndex = 0; path = "Baby AppTests.xctest"; sourceTree = BUILT_PRODUCTS_DIR; };
		64D8BC481CE4D91300F8020A /* Baby_AppTests.swift */ = {isa = PBXFileReference; lastKnownFileType = sourcecode.swift; path = Baby_AppTests.swift; sourceTree = "<group>"; };
		64D8BC4A1CE4D91300F8020A /* Info.plist */ = {isa = PBXFileReference; lastKnownFileType = text.plist.xml; path = Info.plist; sourceTree = "<group>"; };
		64D8BC4F1CE4D91300F8020A /* Baby AppUITests.xctest */ = {isa = PBXFileReference; explicitFileType = wrapper.cfbundle; includeInIndex = 0; path = "Baby AppUITests.xctest"; sourceTree = BUILT_PRODUCTS_DIR; };
		64D8BC531CE4D91300F8020A /* Baby_AppUITests.swift */ = {isa = PBXFileReference; lastKnownFileType = sourcecode.swift; path = Baby_AppUITests.swift; sourceTree = "<group>"; };
		64D8BC551CE4D91300F8020A /* Info.plist */ = {isa = PBXFileReference; lastKnownFileType = text.plist.xml; path = Info.plist; sourceTree = "<group>"; };
		701A43CE581F2968FA2D4742 /* Pods_Baby_App.framework */ = {isa = PBXFileReference; explicitFileType = wrapper.framework; includeInIndex = 0; path = Pods_Baby_App.framework; sourceTree = BUILT_PRODUCTS_DIR; };
		B3A7A58936E7EFC25F65244F /* Pods-Baby App.debug.xcconfig */ = {isa = PBXFileReference; includeInIndex = 1; lastKnownFileType = text.xcconfig; name = "Pods-Baby App.debug.xcconfig"; path = "Pods/Target Support Files/Pods-Baby App/Pods-Baby App.debug.xcconfig"; sourceTree = "<group>"; };
/* End PBXFileReference section */

/* Begin PBXFrameworksBuildPhase section */
		64D8BC2A1CE4D91100F8020A /* Frameworks */ = {
			isa = PBXFrameworksBuildPhase;
			buildActionMask = 2147483647;
			files = (
				D34BF2FDA29B9A16F7F9344A /* Pods_Baby_App.framework in Frameworks */,
			);
			runOnlyForDeploymentPostprocessing = 0;
		};
		64D8BC411CE4D91300F8020A /* Frameworks */ = {
			isa = PBXFrameworksBuildPhase;
			buildActionMask = 2147483647;
			files = (
			);
			runOnlyForDeploymentPostprocessing = 0;
		};
		64D8BC4C1CE4D91300F8020A /* Frameworks */ = {
			isa = PBXFrameworksBuildPhase;
			buildActionMask = 2147483647;
			files = (
			);
			runOnlyForDeploymentPostprocessing = 0;
		};
/* End PBXFrameworksBuildPhase section */

/* Begin PBXGroup section */
		26408F8051F8ABB33A64194B /* Pods */ = {
			isa = PBXGroup;
			children = (
				B3A7A58936E7EFC25F65244F /* Pods-Baby App.debug.xcconfig */,
				3661C51E0749A213639D55D1 /* Pods-Baby App.release.xcconfig */,
			);
			name = Pods;
			sourceTree = "<group>";
		};
		26C9DEF58F34ABE7B6A76FAD /* Frameworks */ = {
			isa = PBXGroup;
			children = (
				701A43CE581F2968FA2D4742 /* Pods_Baby_App.framework */,
			);
			name = Frameworks;
			sourceTree = "<group>";
		};
		64310F5F1CECD393004D5BE7 /* Extensions */ = {
			isa = PBXGroup;
			children = (
				64310F601CECD3AC004D5BE7 /* UIColorExt.swift */,
				64310F621CECD9AB004D5BE7 /* UIViewExt.swift */,
				64310F671CECE70E004D5BE7 /* HairlineView.swift */,
			);
			name = Extensions;
			sourceTree = "<group>";
		};
		64310F691CECEFB2004D5BE7 /* Fonts */ = {
			isa = PBXGroup;
			children = (
				64310F6A1CECEFC1004D5BE7 /* FontAwesome.otf */,
			);
			name = Fonts;
			sourceTree = "<group>";
		};
		64D8BC241CE4D91100F8020A = {
			isa = PBXGroup;
			children = (
				64D8BC2F1CE4D91200F8020A /* Baby App */,
				64D8BC471CE4D91300F8020A /* Baby AppTests */,
				64D8BC521CE4D91300F8020A /* Baby AppUITests */,
				64D8BC2E1CE4D91100F8020A /* Products */,
				26408F8051F8ABB33A64194B /* Pods */,
				26C9DEF58F34ABE7B6A76FAD /* Frameworks */,
			);
			sourceTree = "<group>";
		};
		64D8BC2E1CE4D91100F8020A /* Products */ = {
			isa = PBXGroup;
			children = (
				64D8BC2D1CE4D91100F8020A /* Baby App.app */,
				64D8BC441CE4D91300F8020A /* Baby AppTests.xctest */,
				64D8BC4F1CE4D91300F8020A /* Baby AppUITests.xctest */,
			);
			name = Products;
			sourceTree = "<group>";
		};
		64D8BC2F1CE4D91200F8020A /* Baby App */ = {
			isa = PBXGroup;
			children = (
				647654511CF3BA2C00612DBC /* GoogleService-Info.plist */,
				64310F691CECEFB2004D5BE7 /* Fonts */,
				64310F5F1CECD393004D5BE7 /* Extensions */,
				64D8BC631CE4D95400F8020A /* Networking */,
				64D8BC621CE4D94B00F8020A /* ViewModels */,
				64D8BC611CE4D93E00F8020A /* ViewControllers */,
				64D8BC301CE4D91200F8020A /* AppDelegate.swift */,
				64310F651CECDBCF004D5BE7 /* R.generated.swift */,
				64D8BC341CE4D91200F8020A /* Main.storyboard */,
				64D8BC3A1CE4D91200F8020A /* Assets.xcassets */,
				64D8BC3C1CE4D91200F8020A /* LaunchScreen.storyboard */,
				64D8BC3F1CE4D91300F8020A /* Info.plist */,
				64D8BC371CE4D91200F8020A /* Baby_App.xcdatamodeld */,
			);
			path = "Baby App";
			sourceTree = "<group>";
		};
		64D8BC471CE4D91300F8020A /* Baby AppTests */ = {
			isa = PBXGroup;
			children = (
				64D8BC481CE4D91300F8020A /* Baby_AppTests.swift */,
				64D8BC4A1CE4D91300F8020A /* Info.plist */,
			);
			path = "Baby AppTests";
			sourceTree = "<group>";
		};
		64D8BC521CE4D91300F8020A /* Baby AppUITests */ = {
			isa = PBXGroup;
			children = (
				64D8BC531CE4D91300F8020A /* Baby_AppUITests.swift */,
				64D8BC551CE4D91300F8020A /* Info.plist */,
			);
			path = "Baby AppUITests";
			sourceTree = "<group>";
		};
		64D8BC611CE4D93E00F8020A /* ViewControllers */ = {
			isa = PBXGroup;
			children = (
				64310F5C1CEBB95E004D5BE7 /* Onboard.swift */,
				64310F6C1CED64BE004D5BE7 /* SigninEmailVC.swift */,
			);
			name = ViewControllers;
			sourceTree = "<group>";
		};
		64D8BC621CE4D94B00F8020A /* ViewModels */ = {
			isa = PBXGroup;
			children = (
			);
			name = ViewModels;
			sourceTree = "<group>";
		};
		64D8BC631CE4D95400F8020A /* Networking */ = {
			isa = PBXGroup;
			children = (
			);
			name = Networking;
			sourceTree = "<group>";
		};
/* End PBXGroup section */

/* Begin PBXNativeTarget section */
		64D8BC2C1CE4D91100F8020A /* Baby App */ = {
			isa = PBXNativeTarget;
			buildConfigurationList = 64D8BC581CE4D91300F8020A /* Build configuration list for PBXNativeTarget "Baby App" */;
			buildPhases = (
				27E083B3BBD3E25F68591BB1 /* 📦 Check Pods Manifest.lock */,
				64310F641CECDA9D004D5BE7 /* R.Swift Run Script */,
				64D8BC291CE4D91100F8020A /* Sources */,
				64D8BC2A1CE4D91100F8020A /* Frameworks */,
				64D8BC2B1CE4D91100F8020A /* Resources */,
				0F747BD952322A49159967B5 /* 📦 Embed Pods Frameworks */,
				80B1D675520530A5DFDCA656 /* 📦 Copy Pods Resources */,
				64310F5E1CEBD0AC004D5BE7 /* CocoaPods Run Script */,
			);
			buildRules = (
			);
			dependencies = (
			);
			name = "Baby App";
			productName = "Baby App";
			productReference = 64D8BC2D1CE4D91100F8020A /* Baby App.app */;
			productType = "com.apple.product-type.application";
		};
		64D8BC431CE4D91300F8020A /* Baby AppTests */ = {
			isa = PBXNativeTarget;
			buildConfigurationList = 64D8BC5B1CE4D91300F8020A /* Build configuration list for PBXNativeTarget "Baby AppTests" */;
			buildPhases = (
				64D8BC401CE4D91300F8020A /* Sources */,
				64D8BC411CE4D91300F8020A /* Frameworks */,
				64D8BC421CE4D91300F8020A /* Resources */,
			);
			buildRules = (
			);
			dependencies = (
				64D8BC461CE4D91300F8020A /* PBXTargetDependency */,
			);
			name = "Baby AppTests";
			productName = "Baby AppTests";
			productReference = 64D8BC441CE4D91300F8020A /* Baby AppTests.xctest */;
			productType = "com.apple.product-type.bundle.unit-test";
		};
		64D8BC4E1CE4D91300F8020A /* Baby AppUITests */ = {
			isa = PBXNativeTarget;
			buildConfigurationList = 64D8BC5E1CE4D91300F8020A /* Build configuration list for PBXNativeTarget "Baby AppUITests" */;
			buildPhases = (
				64D8BC4B1CE4D91300F8020A /* Sources */,
				64D8BC4C1CE4D91300F8020A /* Frameworks */,
				64D8BC4D1CE4D91300F8020A /* Resources */,
			);
			buildRules = (
			);
			dependencies = (
				64D8BC511CE4D91300F8020A /* PBXTargetDependency */,
			);
			name = "Baby AppUITests";
			productName = "Baby AppUITests";
			productReference = 64D8BC4F1CE4D91300F8020A /* Baby AppUITests.xctest */;
			productType = "com.apple.product-type.bundle.ui-testing";
		};
/* End PBXNativeTarget section */

/* Begin PBXProject section */
		64D8BC251CE4D91100F8020A /* Project object */ = {
			isa = PBXProject;
			attributes = {
				LastSwiftUpdateCheck = 0730;
				LastUpgradeCheck = 0730;
				ORGANIZATIONNAME = "Mehe, LLC";
				TargetAttributes = {
					64D8BC2C1CE4D91100F8020A = {
						CreatedOnToolsVersion = 7.3.1;
						DevelopmentTeam = W29D5BE398;
					};
					64D8BC431CE4D91300F8020A = {
						CreatedOnToolsVersion = 7.3.1;
						TestTargetID = 64D8BC2C1CE4D91100F8020A;
					};
					64D8BC4E1CE4D91300F8020A = {
						CreatedOnToolsVersion = 7.3.1;
						TestTargetID = 64D8BC2C1CE4D91100F8020A;
					};
				};
			};
			buildConfigurationList = 64D8BC281CE4D91100F8020A /* Build configuration list for PBXProject "Baby App" */;
			compatibilityVersion = "Xcode 3.2";
			developmentRegion = English;
			hasScannedForEncodings = 0;
			knownRegions = (
				en,
				Base,
			);
			mainGroup = 64D8BC241CE4D91100F8020A;
			productRefGroup = 64D8BC2E1CE4D91100F8020A /* Products */;
			projectDirPath = "";
			projectRoot = "";
			targets = (
				64D8BC2C1CE4D91100F8020A /* Baby App */,
				64D8BC431CE4D91300F8020A /* Baby AppTests */,
				64D8BC4E1CE4D91300F8020A /* Baby AppUITests */,
			);
		};
/* End PBXProject section */

/* Begin PBXResourcesBuildPhase section */
		64D8BC2B1CE4D91100F8020A /* Resources */ = {
			isa = PBXResourcesBuildPhase;
			buildActionMask = 2147483647;
			files = (
				64D8BC3E1CE4D91200F8020A /* LaunchScreen.storyboard in Resources */,
				64D8BC3B1CE4D91200F8020A /* Assets.xcassets in Resources */,
				647654521CF3BA2C00612DBC /* GoogleService-Info.plist in Resources */,
				64310F6B1CECEFC1004D5BE7 /* FontAwesome.otf in Resources */,
				64D8BC361CE4D91200F8020A /* Main.storyboard in Resources */,
			);
			runOnlyForDeploymentPostprocessing = 0;
		};
		64D8BC421CE4D91300F8020A /* Resources */ = {
			isa = PBXResourcesBuildPhase;
			buildActionMask = 2147483647;
			files = (
			);
			runOnlyForDeploymentPostprocessing = 0;
		};
		64D8BC4D1CE4D91300F8020A /* Resources */ = {
			isa = PBXResourcesBuildPhase;
			buildActionMask = 2147483647;
			files = (
			);
			runOnlyForDeploymentPostprocessing = 0;
		};
/* End PBXResourcesBuildPhase section */

/* Begin PBXShellScriptBuildPhase section */
		0F747BD952322A49159967B5 /* 📦 Embed Pods Frameworks */ = {
			isa = PBXShellScriptBuildPhase;
			buildActionMask = 2147483647;
			files = (
			);
			inputPaths = (
			);
			name = "📦 Embed Pods Frameworks";
			outputPaths = (
			);
			runOnlyForDeploymentPostprocessing = 0;
			shellPath = /bin/sh;
			shellScript = "\"${SRCROOT}/Pods/Target Support Files/Pods-Baby App/Pods-Baby App-frameworks.sh\"\n";
			showEnvVarsInLog = 0;
		};
		27E083B3BBD3E25F68591BB1 /* 📦 Check Pods Manifest.lock */ = {
			isa = PBXShellScriptBuildPhase;
			buildActionMask = 2147483647;
			files = (
			);
			inputPaths = (
			);
			name = "📦 Check Pods Manifest.lock";
			outputPaths = (
			);
			runOnlyForDeploymentPostprocessing = 0;
			shellPath = /bin/sh;
			shellScript = "diff \"${PODS_ROOT}/../Podfile.lock\" \"${PODS_ROOT}/Manifest.lock\" > /dev/null\nif [[ $? != 0 ]] ; then\n    cat << EOM\nerror: The sandbox is not in sync with the Podfile.lock. Run 'pod install' or update your CocoaPods installation.\nEOM\n    exit 1\nfi\n";
			showEnvVarsInLog = 0;
		};
		64310F5E1CEBD0AC004D5BE7 /* CocoaPods Run Script */ = {
			isa = PBXShellScriptBuildPhase;
			buildActionMask = 2147483647;
			files = (
			);
			inputPaths = (
			);
			name = "CocoaPods Run Script";
			outputPaths = (
			);
			runOnlyForDeploymentPostprocessing = 0;
			shellPath = /bin/sh;
			shellScript = "\"${PODS_ROOT}/Fabric/run\" e5fb859afb8f689099c546a9b31c3e905f93d66f 560e2d984cac01ec56d2fed0b805b236fa6b433e55b559703211042d10ad3260";
		};
		64310F641CECDA9D004D5BE7 /* R.Swift Run Script */ = {
			isa = PBXShellScriptBuildPhase;
			buildActionMask = 2147483647;
			files = (
			);
			inputPaths = (
			);
			name = "R.Swift Run Script";
			outputPaths = (
			);
			runOnlyForDeploymentPostprocessing = 0;
			shellPath = /bin/sh;
			shellScript = "\"$PODS_ROOT/R.swift/rswift\" \"$SRCROOT\"";
		};
		80B1D675520530A5DFDCA656 /* 📦 Copy Pods Resources */ = {
			isa = PBXShellScriptBuildPhase;
			buildActionMask = 2147483647;
			files = (
			);
			inputPaths = (
			);
			name = "📦 Copy Pods Resources";
			outputPaths = (
			);
			runOnlyForDeploymentPostprocessing = 0;
			shellPath = /bin/sh;
			shellScript = "\"${SRCROOT}/Pods/Target Support Files/Pods-Baby App/Pods-Baby App-resources.sh\"\n";
			showEnvVarsInLog = 0;
		};
/* End PBXShellScriptBuildPhase section */

/* Begin PBXSourcesBuildPhase section */
		64D8BC291CE4D91100F8020A /* Sources */ = {
			isa = PBXSourcesBuildPhase;
			buildActionMask = 2147483647;
			files = (
				64310F631CECD9AB004D5BE7 /* UIViewExt.swift in Sources */,
				64310F5D1CEBB95E004D5BE7 /* Onboard.swift in Sources */,
				64310F681CECE70E004D5BE7 /* HairlineView.swift in Sources */,
				64D8BC391CE4D91200F8020A /* Baby_App.xcdatamodeld in Sources */,
				64310F611CECD3AC004D5BE7 /* UIColorExt.swift in Sources */,
				64D8BC311CE4D91200F8020A /* AppDelegate.swift in Sources */,
				64310F661CECDBCF004D5BE7 /* R.generated.swift in Sources */,
				64310F6D1CED64BE004D5BE7 /* SigninEmailVC.swift in Sources */,
			);
			runOnlyForDeploymentPostprocessing = 0;
		};
		64D8BC401CE4D91300F8020A /* Sources */ = {
			isa = PBXSourcesBuildPhase;
			buildActionMask = 2147483647;
			files = (
				64D8BC491CE4D91300F8020A /* Baby_AppTests.swift in Sources */,
			);
			runOnlyForDeploymentPostprocessing = 0;
		};
		64D8BC4B1CE4D91300F8020A /* Sources */ = {
			isa = PBXSourcesBuildPhase;
			buildActionMask = 2147483647;
			files = (
				64D8BC541CE4D91300F8020A /* Baby_AppUITests.swift in Sources */,
			);
			runOnlyForDeploymentPostprocessing = 0;
		};
/* End PBXSourcesBuildPhase section */

/* Begin PBXTargetDependency section */
		64D8BC461CE4D91300F8020A /* PBXTargetDependency */ = {
			isa = PBXTargetDependency;
			target = 64D8BC2C1CE4D91100F8020A /* Baby App */;
			targetProxy = 64D8BC451CE4D91300F8020A /* PBXContainerItemProxy */;
		};
		64D8BC511CE4D91300F8020A /* PBXTargetDependency */ = {
			isa = PBXTargetDependency;
			target = 64D8BC2C1CE4D91100F8020A /* Baby App */;
			targetProxy = 64D8BC501CE4D91300F8020A /* PBXContainerItemProxy */;
		};
/* End PBXTargetDependency section */

/* Begin PBXVariantGroup section */
		64D8BC341CE4D91200F8020A /* Main.storyboard */ = {
			isa = PBXVariantGroup;
			children = (
				64D8BC351CE4D91200F8020A /* Base */,
			);
			name = Main.storyboard;
			sourceTree = "<group>";
		};
		64D8BC3C1CE4D91200F8020A /* LaunchScreen.storyboard */ = {
			isa = PBXVariantGroup;
			children = (
				64D8BC3D1CE4D91200F8020A /* Base */,
			);
			name = LaunchScreen.storyboard;
			sourceTree = "<group>";
		};
/* End PBXVariantGroup section */

/* Begin XCBuildConfiguration section */
		64D8BC561CE4D91300F8020A /* Debug */ = {
			isa = XCBuildConfiguration;
			buildSettings = {
				ALWAYS_SEARCH_USER_PATHS = NO;
				CLANG_ANALYZER_NONNULL = YES;
				CLANG_CXX_LANGUAGE_STANDARD = "gnu++0x";
				CLANG_CXX_LIBRARY = "libc++";
				CLANG_ENABLE_MODULES = YES;
				CLANG_ENABLE_OBJC_ARC = YES;
				CLANG_WARN_BOOL_CONVERSION = YES;
				CLANG_WARN_CONSTANT_CONVERSION = YES;
				CLANG_WARN_DIRECT_OBJC_ISA_USAGE = YES_ERROR;
				CLANG_WARN_EMPTY_BODY = YES;
				CLANG_WARN_ENUM_CONVERSION = YES;
				CLANG_WARN_INT_CONVERSION = YES;
				CLANG_WARN_OBJC_ROOT_CLASS = YES_ERROR;
				CLANG_WARN_UNREACHABLE_CODE = YES;
				CLANG_WARN__DUPLICATE_METHOD_MATCH = YES;
				"CODE_SIGN_IDENTITY[sdk=iphoneos*]" = "iPhone Developer";
				COPY_PHASE_STRIP = NO;
				DEBUG_INFORMATION_FORMAT = dwarf;
				ENABLE_STRICT_OBJC_MSGSEND = YES;
				ENABLE_TESTABILITY = YES;
				GCC_C_LANGUAGE_STANDARD = gnu99;
				GCC_DYNAMIC_NO_PIC = NO;
				GCC_NO_COMMON_BLOCKS = YES;
				GCC_OPTIMIZATION_LEVEL = 0;
				GCC_PREPROCESSOR_DEFINITIONS = (
					"DEBUG=1",
					"$(inherited)",
				);
				GCC_WARN_64_TO_32_BIT_CONVERSION = YES;
				GCC_WARN_ABOUT_RETURN_TYPE = YES_ERROR;
				GCC_WARN_UNDECLARED_SELECTOR = YES;
				GCC_WARN_UNINITIALIZED_AUTOS = YES_AGGRESSIVE;
				GCC_WARN_UNUSED_FUNCTION = YES;
				GCC_WARN_UNUSED_VARIABLE = YES;
				IPHONEOS_DEPLOYMENT_TARGET = 9.0;
				MTL_ENABLE_DEBUG_INFO = YES;
				ONLY_ACTIVE_ARCH = YES;
				SDKROOT = iphoneos;
				SWIFT_OPTIMIZATION_LEVEL = "-Onone";
			};
			name = Debug;
		};
		64D8BC571CE4D91300F8020A /* Release */ = {
			isa = XCBuildConfiguration;
			buildSettings = {
				ALWAYS_SEARCH_USER_PATHS = NO;
				CLANG_ANALYZER_NONNULL = YES;
				CLANG_CXX_LANGUAGE_STANDARD = "gnu++0x";
				CLANG_CXX_LIBRARY = "libc++";
				CLANG_ENABLE_MODULES = YES;
				CLANG_ENABLE_OBJC_ARC = YES;
				CLANG_WARN_BOOL_CONVERSION = YES;
				CLANG_WARN_CONSTANT_CONVERSION = YES;
				CLANG_WARN_DIRECT_OBJC_ISA_USAGE = YES_ERROR;
				CLANG_WARN_EMPTY_BODY = YES;
				CLANG_WARN_ENUM_CONVERSION = YES;
				CLANG_WARN_INT_CONVERSION = YES;
				CLANG_WARN_OBJC_ROOT_CLASS = YES_ERROR;
				CLANG_WARN_UNREACHABLE_CODE = YES;
				CLANG_WARN__DUPLICATE_METHOD_MATCH = YES;
				"CODE_SIGN_IDENTITY[sdk=iphoneos*]" = "iPhone Developer";
				COPY_PHASE_STRIP = NO;
				DEBUG_INFORMATION_FORMAT = "dwarf-with-dsym";
				ENABLE_NS_ASSERTIONS = NO;
				ENABLE_STRICT_OBJC_MSGSEND = YES;
				GCC_C_LANGUAGE_STANDARD = gnu99;
				GCC_NO_COMMON_BLOCKS = YES;
				GCC_WARN_64_TO_32_BIT_CONVERSION = YES;
				GCC_WARN_ABOUT_RETURN_TYPE = YES_ERROR;
				GCC_WARN_UNDECLARED_SELECTOR = YES;
				GCC_WARN_UNINITIALIZED_AUTOS = YES_AGGRESSIVE;
				GCC_WARN_UNUSED_FUNCTION = YES;
				GCC_WARN_UNUSED_VARIABLE = YES;
				IPHONEOS_DEPLOYMENT_TARGET = 9.0;
				MTL_ENABLE_DEBUG_INFO = NO;
				SDKROOT = iphoneos;
				VALIDATE_PRODUCT = YES;
			};
			name = Release;
		};
		64D8BC591CE4D91300F8020A /* Debug */ = {
			isa = XCBuildConfiguration;
			baseConfigurationReference = B3A7A58936E7EFC25F65244F /* Pods-Baby App.debug.xcconfig */;
			buildSettings = {
				ASSETCATALOG_COMPILER_APPICON_NAME = AppIcon;
				CODE_SIGN_IDENTITY = "iPhone Developer";
				INFOPLIST_FILE = "Baby App/Info.plist";
				LD_RUNPATH_SEARCH_PATHS = "$(inherited) @executable_path/Frameworks";
				PRODUCT_BUNDLE_IDENTIFIER = io.mehe.Expecting;
				PRODUCT_NAME = "$(TARGET_NAME)";
			};
			name = Debug;
		};
		64D8BC5A1CE4D91300F8020A /* Release */ = {
			isa = XCBuildConfiguration;
			baseConfigurationReference = 3661C51E0749A213639D55D1 /* Pods-Baby App.release.xcconfig */;
			buildSettings = {
				ASSETCATALOG_COMPILER_APPICON_NAME = AppIcon;
				CODE_SIGN_IDENTITY = "iPhone Developer";
				INFOPLIST_FILE = "Baby App/Info.plist";
				LD_RUNPATH_SEARCH_PATHS = "$(inherited) @executable_path/Frameworks";
				PRODUCT_BUNDLE_IDENTIFIER = io.mehe.Expecting;
				PRODUCT_NAME = "$(TARGET_NAME)";
			};
			name = Release;
		};
		64D8BC5C1CE4D91300F8020A /* Debug */ = {
			isa = XCBuildConfiguration;
			buildSettings = {
				BUNDLE_LOADER = "$(TEST_HOST)";
				INFOPLIST_FILE = "Baby AppTests/Info.plist";
				LD_RUNPATH_SEARCH_PATHS = "$(inherited) @executable_path/Frameworks @loader_path/Frameworks";
				PRODUCT_BUNDLE_IDENTIFIER = "io.mehe.Baby-AppTests";
				PRODUCT_NAME = "$(TARGET_NAME)";
				TEST_HOST = "$(BUILT_PRODUCTS_DIR)/Baby App.app/Baby App";
			};
			name = Debug;
		};
		64D8BC5D1CE4D91300F8020A /* Release */ = {
			isa = XCBuildConfiguration;
			buildSettings = {
				BUNDLE_LOADER = "$(TEST_HOST)";
				INFOPLIST_FILE = "Baby AppTests/Info.plist";
				LD_RUNPATH_SEARCH_PATHS = "$(inherited) @executable_path/Frameworks @loader_path/Frameworks";
				PRODUCT_BUNDLE_IDENTIFIER = "io.mehe.Baby-AppTests";
				PRODUCT_NAME = "$(TARGET_NAME)";
				TEST_HOST = "$(BUILT_PRODUCTS_DIR)/Baby App.app/Baby App";
			};
			name = Release;
		};
		64D8BC5F1CE4D91300F8020A /* Debug */ = {
			isa = XCBuildConfiguration;
			buildSettings = {
				INFOPLIST_FILE = "Baby AppUITests/Info.plist";
				LD_RUNPATH_SEARCH_PATHS = "$(inherited) @executable_path/Frameworks @loader_path/Frameworks";
				PRODUCT_BUNDLE_IDENTIFIER = "io.mehe.Baby-AppUITests";
				PRODUCT_NAME = "$(TARGET_NAME)";
				TEST_TARGET_NAME = "Baby App";
			};
			name = Debug;
		};
		64D8BC601CE4D91300F8020A /* Release */ = {
			isa = XCBuildConfiguration;
			buildSettings = {
				INFOPLIST_FILE = "Baby AppUITests/Info.plist";
				LD_RUNPATH_SEARCH_PATHS = "$(inherited) @executable_path/Frameworks @loader_path/Frameworks";
				PRODUCT_BUNDLE_IDENTIFIER = "io.mehe.Baby-AppUITests";
				PRODUCT_NAME = "$(TARGET_NAME)";
				TEST_TARGET_NAME = "Baby App";
			};
			name = Release;
		};
/* End XCBuildConfiguration section */

/* Begin XCConfigurationList section */
		64D8BC281CE4D91100F8020A /* Build configuration list for PBXProject "Baby App" */ = {
			isa = XCConfigurationList;
			buildConfigurations = (
				64D8BC561CE4D91300F8020A /* Debug */,
				64D8BC571CE4D91300F8020A /* Release */,
			);
			defaultConfigurationIsVisible = 0;
			defaultConfigurationName = Release;
		};
		64D8BC581CE4D91300F8020A /* Build configuration list for PBXNativeTarget "Baby App" */ = {
			isa = XCConfigurationList;
			buildConfigurations = (
				64D8BC591CE4D91300F8020A /* Debug */,
				64D8BC5A1CE4D91300F8020A /* Release */,
			);
			defaultConfigurationIsVisible = 0;
			defaultConfigurationName = Release;
		};
		64D8BC5B1CE4D91300F8020A /* Build configuration list for PBXNativeTarget "Baby AppTests" */ = {
			isa = XCConfigurationList;
			buildConfigurations = (
				64D8BC5C1CE4D91300F8020A /* Debug */,
				64D8BC5D1CE4D91300F8020A /* Release */,
			);
			defaultConfigurationIsVisible = 0;
			defaultConfigurationName = Release;
		};
		64D8BC5E1CE4D91300F8020A /* Build configuration list for PBXNativeTarget "Baby AppUITests" */ = {
			isa = XCConfigurationList;
			buildConfigurations = (
				64D8BC5F1CE4D91300F8020A /* Debug */,
				64D8BC601CE4D91300F8020A /* Release */,
			);
			defaultConfigurationIsVisible = 0;
			defaultConfigurationName = Release;
		};
/* End XCConfigurationList section */

/* Begin XCVersionGroup section */
		64D8BC371CE4D91200F8020A /* Baby_App.xcdatamodeld */ = {
			isa = XCVersionGroup;
			children = (
				64D8BC381CE4D91200F8020A /* Baby_App.xcdatamodel */,
			);
			currentVersion = 64D8BC381CE4D91200F8020A /* Baby_App.xcdatamodel */;
			path = Baby_App.xcdatamodeld;
			sourceTree = "<group>";
			versionGroupType = wrapper.xcdatamodel;
		};
/* End XCVersionGroup section */
	};
	rootObject = 64D8BC251CE4D91100F8020A /* Project object */;
}
